{
  "originHash" : "321f92a56e150168f2fb500be59750f71cb55027c03fada47ef477055b6e15b4",
  "pins" : [
    {
      "identity" : "ios-components",
      "kind" : "remoteSourceControl",
      "location" : "https://github.com/hmrc/ios-components.git",
      "state" : {
        "branch" : "HMA-10881-Accessibility-enhancements-Modify-component-library",
        "revision" : "6a874f8862a3821f1a519604348a5d1af9b10891"
      }
    },
    {
      "identity" : "snapkit",
      "kind" : "remoteSourceControl",
      "location" : "https://github.com/SnapKit/SnapKit.git",
      "state" : {
        "revision" : "2842e6e84e82eb9a8dac0100ca90d9444b0307f4",
        "version" : "5.7.1"
      }
    }
  ],
  "version" : 3
}
